
Microsoft Visual Studio Solution File, Format Version 12.00
# Visual Studio Version 17
VisualStudioVersion = 17.3.32929.385
MinimumVisualStudioVersion = 10.0.40219.1
Project("{9A19103F-16F7-4668-BE54-9A1E7A4F7556}") = "ShopSolution.API", "ShopSolution.API\ShopSolution.API.csproj", "{B1AAE814-1199-4003-B930-1A4FD08F607F}"
EndProject
Project("{9A19103F-16F7-4668-BE54-9A1E7A4F7556}") = "ShopSolutions.Entity", "ShopSolutions.Entity\ShopSolutions.Entity.csproj", "{ABBEC711-42EA-4B54-8B25-08D8F31139F8}"
EndProject
Project("{9A19103F-16F7-4668-BE54-9A1E7A4F7556}") = "ShopSolutions.DataAccess", "ShopSolutions.DataAccess\ShopSolutions.DataAccess.csproj", "{0FCADC5E-F810-4542-9CDC-6DD4E48F82B1}"
EndProject
Project("{FAE04EC0-301F-11D3-BF4B-00C04F79EFBC}") = "ShopSolutions.Modesl", "ShopSolutions.Modesl\ShopSolutions.Modesl.csproj", "{F4049A4D-F24D-4841-962D-0075205D6619}"
EndProject
Project("{FAE04EC0-301F-11D3-BF4B-00C04F79EFBC}") = "ShopSolutions.Repository", "ShopSolution.Repository\ShopSolutions.Repository.csproj", "{3FAC7DCF-32F5-48BA-BE60-B0EE9371C910}"
EndProject
Project("{FAE04EC0-301F-11D3-BF4B-00C04F79EFBC}") = "ShopSolutions.Services", "ShopSolutions.Services\ShopSolutions.Services.csproj", "{522B570F-48E9-4410-AAC7-7F09ADB35F51}"
EndProject
Global
	GlobalSection(SolutionConfigurationPlatforms) = preSolution
		Debug|Any CPU = Debug|Any CPU
		Release|Any CPU = Release|Any CPU
	EndGlobalSection
	GlobalSection(ProjectConfigurationPlatforms) = postSolution
		{B1AAE814-1199-4003-B930-1A4FD08F607F}.Debug|Any CPU.ActiveCfg = Debug|Any CPU
		{B1AAE814-1199-4003-B930-1A4FD08F607F}.Debug|Any CPU.Build.0 = Debug|Any CPU
		{B1AAE814-1199-4003-B930-1A4FD08F607F}.Release|Any CPU.ActiveCfg = Release|Any CPU
		{B1AAE814-1199-4003-B930-1A4FD08F607F}.Release|Any CPU.Build.0 = Release|Any CPU
		{ABBEC711-42EA-4B54-8B25-08D8F31139F8}.Debug|Any CPU.ActiveCfg = Debug|Any CPU
		{ABBEC711-42EA-4B54-8B25-08D8F31139F8}.Debug|Any CPU.Build.0 = Debug|Any CPU
		{ABBEC711-42EA-4B54-8B25-08D8F31139F8}.Release|Any CPU.ActiveCfg = Release|Any CPU
		{ABBEC711-42EA-4B54-8B25-08D8F31139F8}.Release|Any CPU.Build.0 = Release|Any CPU
		{0FCADC5E-F810-4542-9CDC-6DD4E48F82B1}.Debug|Any CPU.ActiveCfg = Debug|Any CPU
		{0FCADC5E-F810-4542-9CDC-6DD4E48F82B1}.Debug|Any CPU.Build.0 = Debug|Any CPU
		{0FCADC5E-F810-4542-9CDC-6DD4E48F82B1}.Release|Any CPU.ActiveCfg = Release|Any CPU
		{0FCADC5E-F810-4542-9CDC-6DD4E48F82B1}.Release|Any CPU.Build.0 = Release|Any CPU
		{F4049A4D-F24D-4841-962D-0075205D6619}.Debug|Any CPU.ActiveCfg = Debug|Any CPU
		{F4049A4D-F24D-4841-962D-0075205D6619}.Debug|Any CPU.Build.0 = Debug|Any CPU
		{F4049A4D-F24D-4841-962D-0075205D6619}.Release|Any CPU.ActiveCfg = Release|Any CPU
		{F4049A4D-F24D-4841-962D-0075205D6619}.Release|Any CPU.Build.0 = Release|Any CPU
		{3FAC7DCF-32F5-48BA-BE60-B0EE9371C910}.Debug|Any CPU.ActiveCfg = Debug|Any CPU
		{3FAC7DCF-32F5-48BA-BE60-B0EE9371C910}.Debug|Any CPU.Build.0 = Debug|Any CPU
		{3FAC7DCF-32F5-48BA-BE60-B0EE9371C910}.Release|Any CPU.ActiveCfg = Release|Any CPU
		{3FAC7DCF-32F5-48BA-BE60-B0EE9371C910}.Release|Any CPU.Build.0 = Release|Any CPU
		{522B570F-48E9-4410-AAC7-7F09ADB35F51}.Debug|Any CPU.ActiveCfg = Debug|Any CPU
		{522B570F-48E9-4410-AAC7-7F09ADB35F51}.Debug|Any CPU.Build.0 = Debug|Any CPU
		{522B570F-48E9-4410-AAC7-7F09ADB35F51}.Release|Any CPU.ActiveCfg = Release|Any CPU
		{522B570F-48E9-4410-AAC7-7F09ADB35F51}.Release|Any CPU.Build.0 = Release|Any CPU
	EndGlobalSection
	GlobalSection(SolutionProperties) = preSolution
		HideSolutionNode = FALSE
	EndGlobalSection
	GlobalSection(ExtensibilityGlobals) = postSolution
		SolutionGuid = {5D5D336E-3196-45B4-A06A-9F79E6DA2DDA}
	EndGlobalSection
EndGlobal
